
Microsoft Visual Studio Solution File, Format Version 12.00
# Visual Studio Version 16
VisualStudioVersion = 16.0.29409.12
MinimumVisualStudioVersion = 10.0.40219.1
Project("{8BC9CEB8-8B4A-11D0-8D11-00A0C91BC942}") = "GameSample", "GameSample\GameSample.vcxproj", "{06E6DCF5-81BE-43F7-902B-91E3F7AFB52C}"
EndProject
Project("{8BC9CEB8-8B4A-11D0-8D11-00A0C91BC942}") = "GameSampleNoScene", "GameSampleNoScene\GameSampleNoScene.vcxproj", "{603EF36E-EE57-4DAB-8241-662D03A9C78C}"
EndProject
Project("{8BC9CEB8-8B4A-11D0-8D11-00A0C91BC942}") = "InitialP", "InitialP\InitialP.vcxproj", "{EBE3BBE3-492F-46E4-B750-4C1165544654}"
EndProject
Global
	GlobalSection(SolutionConfigurationPlatforms) = preSolution
		Debug|x64 = Debug|x64
		Release|x64 = Release|x64
	EndGlobalSection
	GlobalSection(ProjectConfigurationPlatforms) = postSolution
		{06E6DCF5-81BE-43F7-902B-91E3F7AFB52C}.Debug|x64.ActiveCfg = Debug|x64
		{06E6DCF5-81BE-43F7-902B-91E3F7AFB52C}.Debug|x64.Build.0 = Debug|x64
		{06E6DCF5-81BE-43F7-902B-91E3F7AFB52C}.Release|x64.ActiveCfg = Release|x64
		{06E6DCF5-81BE-43F7-902B-91E3F7AFB52C}.Release|x64.Build.0 = Release|x64
		{603EF36E-EE57-4DAB-8241-662D03A9C78C}.Debug|x64.ActiveCfg = Debug|x64
		{603EF36E-EE57-4DAB-8241-662D03A9C78C}.Debug|x64.Build.0 = Debug|x64
		{603EF36E-EE57-4DAB-8241-662D03A9C78C}.Release|x64.ActiveCfg = Release|x64
		{603EF36E-EE57-4DAB-8241-662D03A9C78C}.Release|x64.Build.0 = Release|x64
		{EBE3BBE3-492F-46E4-B750-4C1165544654}.Debug|x64.ActiveCfg = Debug|x64
		{EBE3BBE3-492F-46E4-B750-4C1165544654}.Debug|x64.Build.0 = Debug|x64
		{EBE3BBE3-492F-46E4-B750-4C1165544654}.Release|x64.ActiveCfg = Release|x64
		{EBE3BBE3-492F-46E4-B750-4C1165544654}.Release|x64.Build.0 = Release|x64
	EndGlobalSection
	GlobalSection(SolutionProperties) = preSolution
		HideSolutionNode = FALSE
	EndGlobalSection
	GlobalSection(ExtensibilityGlobals) = postSolution
		SolutionGuid = {D1045AAF-5ACD-41E5-83C8-60A613E5B455}
	EndGlobalSection
EndGlobal
